
Microsoft Visual Studio Solution File, Format Version 12.00
# Visual Studio 15
VisualStudioVersion = 15.0.28307.1000
MinimumVisualStudioVersion = 10.0.40219.1
Project("{FAE04EC0-301F-11D3-BF4B-00C04F79EFBC}") = "NairGovindUnitConverter", "WindowsFormsApp4\NairGovindUnitConverter.csproj", "{DB210244-696C-4A81-B1AB-88B040561CF9}"
EndProject
Global
	GlobalSection(SolutionConfigurationPlatforms) = preSolution
		Debug|Any CPU = Debug|Any CPU
		Release|Any CPU = Release|Any CPU
	EndGlobalSection
	GlobalSection(ProjectConfigurationPlatforms) = postSolution
		{DB210244-696C-4A81-B1AB-88B040561CF9}.Debug|Any CPU.ActiveCfg = Debug|Any CPU
		{DB210244-696C-4A81-B1AB-88B040561CF9}.Debug|Any CPU.Build.0 = Debug|Any CPU
		{DB210244-696C-4A81-B1AB-88B040561CF9}.Release|Any CPU.ActiveCfg = Release|Any CPU
		{DB210244-696C-4A81-B1AB-88B040561CF9}.Release|Any CPU.Build.0 = Release|Any CPU
	EndGlobalSection
	GlobalSection(SolutionProperties) = preSolution
		HideSolutionNode = FALSE
	EndGlobalSection
	GlobalSection(ExtensibilityGlobals) = postSolution
		SolutionGuid = {FC2D2229-8F27-4154-B8C7-5CD04FCDC941}
	EndGlobalSection
EndGlobal
